
Microsoft Visual Studio Solution File, Format Version 12.00
# Visual Studio Version 16
VisualStudioVersion = 16.0.30114.105
MinimumVisualStudioVersion = 10.0.40219.1
Project("{FAE04EC0-301F-11D3-BF4B-00C04F79EFBC}") = "adventofcode2021", "AdventOfCode\adventofcode2021.csproj", "{1329E1FA-87E7-4A46-B246-B1E09DD7C6B3}"
EndProject
Project("{FAE04EC0-301F-11D3-BF4B-00C04F79EFBC}") = "adventofcode2021.Test", "AdventOfCode.Test\adventofcode2021.Test.csproj", "{D3EE460F-6879-4FA0-9203-8F8E73263162}"
EndProject
Global
	GlobalSection(SolutionConfigurationPlatforms) = preSolution
		Debug|Any CPU = Debug|Any CPU
		Release|Any CPU = Release|Any CPU
	EndGlobalSection
	GlobalSection(SolutionProperties) = preSolution
		HideSolutionNode = FALSE
	EndGlobalSection
	GlobalSection(ProjectConfigurationPlatforms) = postSolution
		{1329E1FA-87E7-4A46-B246-B1E09DD7C6B3}.Debug|Any CPU.ActiveCfg = Debug|Any CPU
		{1329E1FA-87E7-4A46-B246-B1E09DD7C6B3}.Debug|Any CPU.Build.0 = Debug|Any CPU
		{1329E1FA-87E7-4A46-B246-B1E09DD7C6B3}.Release|Any CPU.ActiveCfg = Release|Any CPU
		{1329E1FA-87E7-4A46-B246-B1E09DD7C6B3}.Release|Any CPU.Build.0 = Release|Any CPU
		{D3EE460F-6879-4FA0-9203-8F8E73263162}.Debug|Any CPU.ActiveCfg = Debug|Any CPU
		{D3EE460F-6879-4FA0-9203-8F8E73263162}.Debug|Any CPU.Build.0 = Debug|Any CPU
		{D3EE460F-6879-4FA0-9203-8F8E73263162}.Release|Any CPU.ActiveCfg = Release|Any CPU
		{D3EE460F-6879-4FA0-9203-8F8E73263162}.Release|Any CPU.Build.0 = Release|Any CPU
	EndGlobalSection
EndGlobal
